{
  "originHash" : "16a9fd5d0447e83f4361a1b3c14b2f71c1bb418fb93e126c802f4b071aa3a86b",
  "pins" : [
    {
      "identity" : "fluidaudio",
      "kind" : "remoteSourceControl",
      "location" : "https://github.com/FluidInference/FluidAudio.git",
      "state" : {
        "revision" : "c7246f4dc78d05f75cdfc5a550cd72ced0c658bf"
      }
    }
  ],
  "version" : 3
}
