{
  "originHash" : "8495e25d4db5b60e0f58a9ae89e62dda25e0e3f16a89369e1d6225edba875e34",
  "pins" : [
    {
      "identity" : "fluidaudio",
      "kind" : "remoteSourceControl",
      "location" : "https://github.com/FluidInference/FluidAudio.git",
      "state" : {
        "revision" : "4dbf4f9f9a5ff3a53ade848d7ba4e3df13db859b"
      }
    }
  ],
  "version" : 3
}
